
Microsoft Visual Studio Solution File, Format Version 12.00
# Visual Studio Version 17
VisualStudioVersion = 17.2.32630.192
MinimumVisualStudioVersion = 10.0.40219.1
Project("{9A19103F-16F7-4668-BE54-9A1E7A4F7556}") = "dotnet-laboratory-solution", "lab-dotnet-task\dotnet-laboratory-solution.csproj", "{9A949E2C-7F42-4000-9E7A-6A1FF56314F7}"
EndProject
Global
	GlobalSection(SolutionConfigurationPlatforms) = preSolution
		Debug|Any CPU = Debug|Any CPU
		Release|Any CPU = Release|Any CPU
	EndGlobalSection
	GlobalSection(ProjectConfigurationPlatforms) = postSolution
		{9A949E2C-7F42-4000-9E7A-6A1FF56314F7}.Debug|Any CPU.ActiveCfg = Debug|Any CPU
		{9A949E2C-7F42-4000-9E7A-6A1FF56314F7}.Debug|Any CPU.Build.0 = Debug|Any CPU
		{9A949E2C-7F42-4000-9E7A-6A1FF56314F7}.Release|Any CPU.ActiveCfg = Release|Any CPU
		{9A949E2C-7F42-4000-9E7A-6A1FF56314F7}.Release|Any CPU.Build.0 = Release|Any CPU
	EndGlobalSection
	GlobalSection(SolutionProperties) = preSolution
		HideSolutionNode = FALSE
	EndGlobalSection
	GlobalSection(ExtensibilityGlobals) = postSolution
		SolutionGuid = {6943CDEC-8B2A-44AB-95BF-832ACF2887AE}
	EndGlobalSection
EndGlobal
